
Microsoft Visual Studio Solution File, Format Version 12.00
# Visual Studio 15
VisualStudioVersion = 15.0.25807.0
MinimumVisualStudioVersion = 10.0.40219.1
Project("{FAE04EC0-301F-11D3-BF4B-00C04F79EFBC}") = "ClassMapper", "ClassMapper\ClassMapper.csproj", "{9A621D41-FD53-4828-8A68-95D35E2D7C9C}"
EndProject
Project("{FAE04EC0-301F-11D3-BF4B-00C04F79EFBC}") = "ClassMapperTest", "ClassMapperTest\ClassMapperTest.csproj", "{D4A60824-8406-4F20-B168-A2E22913E2B5}"
EndProject
Global
	GlobalSection(SolutionConfigurationPlatforms) = preSolution
		Debug|Any CPU = Debug|Any CPU
		Release|Any CPU = Release|Any CPU
	EndGlobalSection
	GlobalSection(ProjectConfigurationPlatforms) = postSolution
		{9A621D41-FD53-4828-8A68-95D35E2D7C9C}.Debug|Any CPU.ActiveCfg = Debug|Any CPU
		{9A621D41-FD53-4828-8A68-95D35E2D7C9C}.Debug|Any CPU.Build.0 = Debug|Any CPU
		{9A621D41-FD53-4828-8A68-95D35E2D7C9C}.Release|Any CPU.ActiveCfg = Release|Any CPU
		{9A621D41-FD53-4828-8A68-95D35E2D7C9C}.Release|Any CPU.Build.0 = Release|Any CPU
		{D4A60824-8406-4F20-B168-A2E22913E2B5}.Debug|Any CPU.ActiveCfg = Debug|Any CPU
		{D4A60824-8406-4F20-B168-A2E22913E2B5}.Debug|Any CPU.Build.0 = Debug|Any CPU
		{D4A60824-8406-4F20-B168-A2E22913E2B5}.Release|Any CPU.ActiveCfg = Release|Any CPU
		{D4A60824-8406-4F20-B168-A2E22913E2B5}.Release|Any CPU.Build.0 = Release|Any CPU
	EndGlobalSection
	GlobalSection(SolutionProperties) = preSolution
		HideSolutionNode = FALSE
	EndGlobalSection
EndGlobal
